
Microsoft Visual Studio Solution File, Format Version 12.00
# Visual Studio 15
VisualStudioVersion = 15.0.28010.2019
MinimumVisualStudioVersion = 10.0.40219.1
Project("{8BC9CEB8-8B4A-11D0-8D11-00A0C91BC942}") = "WordCount", "Project1\Project1.vcxproj", "{01AA3100-2A65-455B-9044-3FCA432D107E}"
EndProject
Global
	GlobalSection(SolutionConfigurationPlatforms) = preSolution
		Debug|x64 = Debug|x64
		Debug|x86 = Debug|x86
		Release|x64 = Release|x64
		Release|x86 = Release|x86
	EndGlobalSection
	GlobalSection(ProjectConfigurationPlatforms) = postSolution
		{01AA3100-2A65-455B-9044-3FCA432D107E}.Debug|x64.ActiveCfg = Debug|x64
		{01AA3100-2A65-455B-9044-3FCA432D107E}.Debug|x64.Build.0 = Debug|x64
		{01AA3100-2A65-455B-9044-3FCA432D107E}.Debug|x86.ActiveCfg = Debug|Win32
		{01AA3100-2A65-455B-9044-3FCA432D107E}.Debug|x86.Build.0 = Debug|Win32
		{01AA3100-2A65-455B-9044-3FCA432D107E}.Release|x64.ActiveCfg = Release|x64
		{01AA3100-2A65-455B-9044-3FCA432D107E}.Release|x64.Build.0 = Release|x64
		{01AA3100-2A65-455B-9044-3FCA432D107E}.Release|x86.ActiveCfg = Release|Win32
		{01AA3100-2A65-455B-9044-3FCA432D107E}.Release|x86.Build.0 = Release|Win32
	EndGlobalSection
	GlobalSection(SolutionProperties) = preSolution
		HideSolutionNode = FALSE
	EndGlobalSection
	GlobalSection(ExtensibilityGlobals) = postSolution
		SolutionGuid = {6681882E-0BCD-4163-954A-C0D546C09728}
	EndGlobalSection
EndGlobal
